
Microsoft Visual Studio Solution File, Format Version 11.00
# Visual C# Express 2010
Project("{FAE04EC0-301F-11D3-BF4B-00C04F79EFBC}") = "Comunes", "Comunes\Comunes.csproj", "{9EFCF5AD-5A96-4726-8385-807552BA1497}"
EndProject
Project("{FAE04EC0-301F-11D3-BF4B-00C04F79EFBC}") = "Datos", "Datos\Datos.csproj", "{9FE87017-7FC8-488D-9442-5CD6C89FAFCD}"
	ProjectSection(ProjectDependencies) = postProject
		{9EFCF5AD-5A96-4726-8385-807552BA1497} = {9EFCF5AD-5A96-4726-8385-807552BA1497}
	EndProjectSection
EndProject
Project("{FAE04EC0-301F-11D3-BF4B-00C04F79EFBC}") = "Logica", "Logica\Logica.csproj", "{5C6CAF54-A40C-4B31-9936-D6B51D009F4C}"
	ProjectSection(ProjectDependencies) = postProject
		{9FE87017-7FC8-488D-9442-5CD6C89FAFCD} = {9FE87017-7FC8-488D-9442-5CD6C89FAFCD}
		{9EFCF5AD-5A96-4726-8385-807552BA1497} = {9EFCF5AD-5A96-4726-8385-807552BA1497}
	EndProjectSection
EndProject
Project("{FAE04EC0-301F-11D3-BF4B-00C04F79EFBC}") = "Presentacion", "Presentacion\Presentacion.csproj", "{EBF3A791-8989-42B4-A4C0-7621206765D8}"
	ProjectSection(ProjectDependencies) = postProject
		{5C6CAF54-A40C-4B31-9936-D6B51D009F4C} = {5C6CAF54-A40C-4B31-9936-D6B51D009F4C}
		{9EFCF5AD-5A96-4726-8385-807552BA1497} = {9EFCF5AD-5A96-4726-8385-807552BA1497}
	EndProjectSection
EndProject
Global
	GlobalSection(SolutionConfigurationPlatforms) = preSolution
		Debug|Any CPU = Debug|Any CPU
		Debug|Mixed Platforms = Debug|Mixed Platforms
		Debug|x86 = Debug|x86
		Release|Any CPU = Release|Any CPU
		Release|Mixed Platforms = Release|Mixed Platforms
		Release|x86 = Release|x86
	EndGlobalSection
	GlobalSection(ProjectConfigurationPlatforms) = postSolution
		{9EFCF5AD-5A96-4726-8385-807552BA1497}.Debug|Any CPU.ActiveCfg = Debug|Any CPU
		{9EFCF5AD-5A96-4726-8385-807552BA1497}.Debug|Any CPU.Build.0 = Debug|Any CPU
		{9EFCF5AD-5A96-4726-8385-807552BA1497}.Debug|Mixed Platforms.ActiveCfg = Debug|Any CPU
		{9EFCF5AD-5A96-4726-8385-807552BA1497}.Debug|Mixed Platforms.Build.0 = Debug|Any CPU
		{9EFCF5AD-5A96-4726-8385-807552BA1497}.Debug|x86.ActiveCfg = Debug|Any CPU
		{9EFCF5AD-5A96-4726-8385-807552BA1497}.Release|Any CPU.ActiveCfg = Release|Any CPU
		{9EFCF5AD-5A96-4726-8385-807552BA1497}.Release|Any CPU.Build.0 = Release|Any CPU
		{9EFCF5AD-5A96-4726-8385-807552BA1497}.Release|Mixed Platforms.ActiveCfg = Release|Any CPU
		{9EFCF5AD-5A96-4726-8385-807552BA1497}.Release|Mixed Platforms.Build.0 = Release|Any CPU
		{9EFCF5AD-5A96-4726-8385-807552BA1497}.Release|x86.ActiveCfg = Release|Any CPU
		{9FE87017-7FC8-488D-9442-5CD6C89FAFCD}.Debug|Any CPU.ActiveCfg = Debug|Any CPU
		{9FE87017-7FC8-488D-9442-5CD6C89FAFCD}.Debug|Any CPU.Build.0 = Debug|Any CPU
		{9FE87017-7FC8-488D-9442-5CD6C89FAFCD}.Debug|Mixed Platforms.ActiveCfg = Debug|Any CPU
		{9FE87017-7FC8-488D-9442-5CD6C89FAFCD}.Debug|Mixed Platforms.Build.0 = Debug|Any CPU
		{9FE87017-7FC8-488D-9442-5CD6C89FAFCD}.Debug|x86.ActiveCfg = Debug|Any CPU
		{9FE87017-7FC8-488D-9442-5CD6C89FAFCD}.Release|Any CPU.ActiveCfg = Release|Any CPU
		{9FE87017-7FC8-488D-9442-5CD6C89FAFCD}.Release|Any CPU.Build.0 = Release|Any CPU
		{9FE87017-7FC8-488D-9442-5CD6C89FAFCD}.Release|Mixed Platforms.ActiveCfg = Release|Any CPU
		{9FE87017-7FC8-488D-9442-5CD6C89FAFCD}.Release|Mixed Platforms.Build.0 = Release|Any CPU
		{9FE87017-7FC8-488D-9442-5CD6C89FAFCD}.Release|x86.ActiveCfg = Release|Any CPU
		{5C6CAF54-A40C-4B31-9936-D6B51D009F4C}.Debug|Any CPU.ActiveCfg = Debug|Any CPU
		{5C6CAF54-A40C-4B31-9936-D6B51D009F4C}.Debug|Any CPU.Build.0 = Debug|Any CPU
		{5C6CAF54-A40C-4B31-9936-D6B51D009F4C}.Debug|Mixed Platforms.ActiveCfg = Debug|Any CPU
		{5C6CAF54-A40C-4B31-9936-D6B51D009F4C}.Debug|Mixed Platforms.Build.0 = Debug|Any CPU
		{5C6CAF54-A40C-4B31-9936-D6B51D009F4C}.Debug|x86.ActiveCfg = Debug|Any CPU
		{5C6CAF54-A40C-4B31-9936-D6B51D009F4C}.Release|Any CPU.ActiveCfg = Release|Any CPU
		{5C6CAF54-A40C-4B31-9936-D6B51D009F4C}.Release|Any CPU.Build.0 = Release|Any CPU
		{5C6CAF54-A40C-4B31-9936-D6B51D009F4C}.Release|Mixed Platforms.ActiveCfg = Release|Any CPU
		{5C6CAF54-A40C-4B31-9936-D6B51D009F4C}.Release|Mixed Platforms.Build.0 = Release|Any CPU
		{5C6CAF54-A40C-4B31-9936-D6B51D009F4C}.Release|x86.ActiveCfg = Release|Any CPU
		{EBF3A791-8989-42B4-A4C0-7621206765D8}.Debug|Any CPU.ActiveCfg = Debug|x86
		{EBF3A791-8989-42B4-A4C0-7621206765D8}.Debug|Mixed Platforms.ActiveCfg = Debug|x86
		{EBF3A791-8989-42B4-A4C0-7621206765D8}.Debug|Mixed Platforms.Build.0 = Debug|x86
		{EBF3A791-8989-42B4-A4C0-7621206765D8}.Debug|x86.ActiveCfg = Debug|x86
		{EBF3A791-8989-42B4-A4C0-7621206765D8}.Debug|x86.Build.0 = Debug|x86
		{EBF3A791-8989-42B4-A4C0-7621206765D8}.Release|Any CPU.ActiveCfg = Release|x86
		{EBF3A791-8989-42B4-A4C0-7621206765D8}.Release|Mixed Platforms.ActiveCfg = Release|x86
		{EBF3A791-8989-42B4-A4C0-7621206765D8}.Release|Mixed Platforms.Build.0 = Release|x86
		{EBF3A791-8989-42B4-A4C0-7621206765D8}.Release|x86.ActiveCfg = Release|x86
		{EBF3A791-8989-42B4-A4C0-7621206765D8}.Release|x86.Build.0 = Release|x86
	EndGlobalSection
	GlobalSection(SolutionProperties) = preSolution
		HideSolutionNode = FALSE
	EndGlobalSection
EndGlobal
